
Microsoft Visual Studio Solution File, Format Version 12.00
# Visual Studio 15
VisualStudioVersion = 15.0.28010.2019
MinimumVisualStudioVersion = 10.0.40219.1
Project("{FAE04EC0-301F-11D3-BF4B-00C04F79EFBC}") = "AudioBooks", "AudioBooks\AudioBooks.csproj", "{71FB18F4-B50B-4C30-B526-8F519CC03702}"
EndProject
Project("{FAE04EC0-301F-11D3-BF4B-00C04F79EFBC}") = "AudioBooks.Tests", "AudioBooks.Tests\AudioBooks.Tests.csproj", "{956F12A9-8EC6-454B-99B6-F4E57A126BCB}"
EndProject
Global
	GlobalSection(SolutionConfigurationPlatforms) = preSolution
		Debug|Any CPU = Debug|Any CPU
		Release|Any CPU = Release|Any CPU
	EndGlobalSection
	GlobalSection(ProjectConfigurationPlatforms) = postSolution
		{71FB18F4-B50B-4C30-B526-8F519CC03702}.Debug|Any CPU.ActiveCfg = Debug|Any CPU
		{71FB18F4-B50B-4C30-B526-8F519CC03702}.Debug|Any CPU.Build.0 = Debug|Any CPU
		{71FB18F4-B50B-4C30-B526-8F519CC03702}.Release|Any CPU.ActiveCfg = Release|Any CPU
		{71FB18F4-B50B-4C30-B526-8F519CC03702}.Release|Any CPU.Build.0 = Release|Any CPU
		{956F12A9-8EC6-454B-99B6-F4E57A126BCB}.Debug|Any CPU.ActiveCfg = Debug|Any CPU
		{956F12A9-8EC6-454B-99B6-F4E57A126BCB}.Debug|Any CPU.Build.0 = Debug|Any CPU
		{956F12A9-8EC6-454B-99B6-F4E57A126BCB}.Release|Any CPU.ActiveCfg = Release|Any CPU
		{956F12A9-8EC6-454B-99B6-F4E57A126BCB}.Release|Any CPU.Build.0 = Release|Any CPU
	EndGlobalSection
	GlobalSection(SolutionProperties) = preSolution
		HideSolutionNode = FALSE
	EndGlobalSection
	GlobalSection(ExtensibilityGlobals) = postSolution
		SolutionGuid = {29E44978-3101-4D15-A6B7-55C4E256113A}
	EndGlobalSection
EndGlobal
